
Microsoft Visual Studio Solution File, Format Version 12.00
Project("{FAE04EC0-301F-11D3-BF4B-00C04F79EFBC}") = "Keystone.IO", "Keystone.IO\Keystone.IO.csproj", "{48BF24F5-CEAF-4FE7-BDD0-738EFB731C7F}"
EndProject
Project("{FAE04EC0-301F-11D3-BF4B-00C04F79EFBC}") = "Keystone.IO.Tests", "Keystone.IO.Tests\Keystone.IO.Tests.csproj", "{59D41EC8-69DB-46CB-BB15-9CE43625797E}"
EndProject
Global
	GlobalSection(SolutionConfigurationPlatforms) = preSolution
		Debug|Any CPU = Debug|Any CPU
		Release|Any CPU = Release|Any CPU
	EndGlobalSection
	GlobalSection(ProjectConfigurationPlatforms) = postSolution
		{48BF24F5-CEAF-4FE7-BDD0-738EFB731C7F}.Debug|Any CPU.ActiveCfg = Debug|Any CPU
		{48BF24F5-CEAF-4FE7-BDD0-738EFB731C7F}.Debug|Any CPU.Build.0 = Debug|Any CPU
		{48BF24F5-CEAF-4FE7-BDD0-738EFB731C7F}.Release|Any CPU.ActiveCfg = Release|Any CPU
		{48BF24F5-CEAF-4FE7-BDD0-738EFB731C7F}.Release|Any CPU.Build.0 = Release|Any CPU
		{59D41EC8-69DB-46CB-BB15-9CE43625797E}.Debug|Any CPU.ActiveCfg = Debug|Any CPU
		{59D41EC8-69DB-46CB-BB15-9CE43625797E}.Debug|Any CPU.Build.0 = Debug|Any CPU
		{59D41EC8-69DB-46CB-BB15-9CE43625797E}.Release|Any CPU.ActiveCfg = Release|Any CPU
		{59D41EC8-69DB-46CB-BB15-9CE43625797E}.Release|Any CPU.Build.0 = Release|Any CPU
	EndGlobalSection
EndGlobal
